// !$*UTF8*$!
{
	archiveVersion = 1;
	classes = {
	};
	objectVersion = 46;
	objects = {

/* Begin PBXBuildFile section */
		05F485C71BE3211C004EEBB8 /* main.m in Sources */ = {isa = PBXBuildFile; fileRef = 05F485C61BE3211C004EEBB8 /* main.m */; };
		05F485CA1BE3211C004EEBB8 /* AppDelegate.m in Sources */ = {isa = PBXBuildFile; fileRef = 05F485C91BE3211C004EEBB8 /* AppDelegate.m */; };
		05F485CD1BE3211C004EEBB8 /* ViewController.m in Sources */ = {isa = PBXBuildFile; fileRef = 05F485CC1BE3211C004EEBB8 /* ViewController.m */; };
		05F485D01BE3211C004EEBB8 /* Main.storyboard in Resources */ = {isa = PBXBuildFile; fileRef = 05F485CE1BE3211C004EEBB8 /* Main.storyboard */; };
		05F485D21BE3211C004EEBB8 /* Assets.xcassets in Resources */ = {isa = PBXBuildFile; fileRef = 05F485D11BE3211C004EEBB8 /* Assets.xcassets */; };
		05F485D51BE3211C004EEBB8 /* LaunchScreen.storyboard in Resources */ = {isa = PBXBuildFile; fileRef = 05F485D31BE3211C004EEBB8 /* LaunchScreen.storyboard */; };
		05F485E01BE3211C004EEBB8 /* ____DemoTests.m in Sources */ = {isa = PBXBuildFile; fileRef = 05F485DF1BE3211C004EEBB8 /* ____DemoTests.m */; };
		05F485EB1BE3211C004EEBB8 /* ____DemoUITests.m in Sources */ = {isa = PBXBuildFile; fileRef = 05F485EA1BE3211C004EEBB8 /* ____DemoUITests.m */; };
		05F485F91BE33D82004EEBB8 /* MGS2.ttf in Resources */ = {isa = PBXBuildFile; fileRef = 05F485F81BE33D82004EEBB8 /* MGS2.ttf */; settings = {ASSET_TAGS = (); }; };
/* End PBXBuildFile section */

/* Begin PBXContainerItemProxy section */
		05F485DC1BE3211C004EEBB8 /* PBXContainerItemProxy */ = {
			isa = PBXContainerItemProxy;
			containerPortal = 05F485BA1BE3211C004EEBB8 /* Project object */;
			proxyType = 1;
			remoteGlobalIDString = 05F485C11BE3211C004EEBB8;
			remoteInfo = "添加字体Demo";
		};
		05F485E71BE3211C004EEBB8 /* PBXContainerItemProxy */ = {
			isa = PBXContainerItemProxy;
			containerPortal = 05F485BA1BE3211C004EEBB8 /* Project object */;
			proxyType = 1;
			remoteGlobalIDString = 05F485C11BE3211C004EEBB8;
			remoteInfo = "添加字体Demo";
		};
/* End PBXContainerItemProxy section */

/* Begin PBXFileReference section */
		05F485C21BE3211C004EEBB8 /* font.app */ = {isa = PBXFileReference; explicitFileType = wrapper.application; includeInIndex = 0; path = font.app; sourceTree = BUILT_PRODUCTS_DIR; };
		05F485C61BE3211C004EEBB8 /* main.m */ = {isa = PBXFileReference; lastKnownFileType = sourcecode.c.objc; path = main.m; sourceTree = "<group>"; };
		05F485C81BE3211C004EEBB8 /* AppDelegate.h */ = {isa = PBXFileReference; lastKnownFileType = sourcecode.c.h; path = AppDelegate.h; sourceTree = "<group>"; };
		05F485C91BE3211C004EEBB8 /* AppDelegate.m */ = {isa = PBXFileReference; lastKnownFileType = sourcecode.c.objc; path = AppDelegate.m; sourceTree = "<group>"; };
		05F485CB1BE3211C004EEBB8 /* ViewController.h */ = {isa = PBXFileReference; lastKnownFileType = sourcecode.c.h; path = ViewController.h; sourceTree = "<group>"; };
		05F485CC1BE3211C004EEBB8 /* ViewController.m */ = {isa = PBXFileReference; lastKnownFileType = sourcecode.c.objc; path = ViewController.m; sourceTree = "<group>"; };
		05F485CF1BE3211C004EEBB8 /* Base */ = {isa = PBXFileReference; lastKnownFileType = file.storyboard; name = Base; path = Base.lproj/Main.storyboard; sourceTree = "<group>"; };
		05F485D11BE3211C004EEBB8 /* Assets.xcassets */ = {isa = PBXFileReference; lastKnownFileType = folder.assetcatalog; path = Assets.xcassets; sourceTree = "<group>"; };
		05F485D41BE3211C004EEBB8 /* Base */ = {isa = PBXFileReference; lastKnownFileType = file.storyboard; name = Base; path = Base.lproj/LaunchScreen.storyboard; sourceTree = "<group>"; };
		05F485D61BE3211C004EEBB8 /* Info.plist */ = {isa = PBXFileReference; lastKnownFileType = text.plist.xml; path = Info.plist; sourceTree = "<group>"; };
		05F485DB1BE3211C004EEBB8 /* 添加字体DemoTests.xctest */ = {isa = PBXFileReference; explicitFileType = wrapper.cfbundle; includeInIndex = 0; path = "添加字体DemoTests.xctest"; sourceTree = BUILT_PRODUCTS_DIR; };
		05F485DF1BE3211C004EEBB8 /* ____DemoTests.m */ = {isa = PBXFileReference; lastKnownFileType = sourcecode.c.objc; path = "____DemoTests.m"; sourceTree = "<group>"; };
		05F485E11BE3211C004EEBB8 /* Info.plist */ = {isa = PBXFileReference; lastKnownFileType = text.plist.xml; path = Info.plist; sourceTree = "<group>"; };
		05F485E61BE3211C004EEBB8 /* 添加字体DemoUITests.xctest */ = {isa = PBXFileReference; explicitFileType = wrapper.cfbundle; includeInIndex = 0; path = "添加字体DemoUITests.xctest"; sourceTree = BUILT_PRODUCTS_DIR; };
		05F485EA1BE3211C004EEBB8 /* ____DemoUITests.m */ = {isa = PBXFileReference; lastKnownFileType = sourcecode.c.objc; path = "____DemoUITests.m"; sourceTree = "<group>"; };
		05F485EC1BE3211C004EEBB8 /* Info.plist */ = {isa = PBXFileReference; lastKnownFileType = text.plist.xml; path = Info.plist; sourceTree = "<group>"; };
		05F485F81BE33D82004EEBB8 /* MGS2.ttf */ = {isa = PBXFileReference; lastKnownFileType = file; path = MGS2.ttf; sourceTree = "<group>"; };
/* End PBXFileReference section */

/* Begin PBXFrameworksBuildPhase section */
		05F485BF1BE3211C004EEBB8 /* Frameworks */ = {
			isa = PBXFrameworksBuildPhase;
			buildActionMask = 2147483647;
			files = (
			);
			runOnlyForDeploymentPostprocessing = 0;
		};
		05F485D81BE3211C004EEBB8 /* Frameworks */ = {
			isa = PBXFrameworksBuildPhase;
			buildActionMask = 2147483647;
			files = (
			);
			runOnlyForDeploymentPostprocessing = 0;
		};
		05F485E31BE3211C004EEBB8 /* Frameworks */ = {
			isa = PBXFrameworksBuildPhase;
			buildActionMask = 2147483647;
			files = (
			);
			runOnlyForDeploymentPostprocessing = 0;
		};
/* End PBXFrameworksBuildPhase section */

/* Begin PBXGroup section */
		05F485B91BE3211C004EEBB8 = {
			isa = PBXGroup;
			children = (
				05F485C41BE3211C004EEBB8 /* 添加字体Demo */,
				05F485DE1BE3211C004EEBB8 /* 添加字体DemoTests */,
				05F485E91BE3211C004EEBB8 /* 添加字体DemoUITests */,
				05F485C31BE3211C004EEBB8 /* Products */,
			);
			sourceTree = "<group>";
		};
		05F485C31BE3211C004EEBB8 /* Products */ = {
			isa = PBXGroup;
			children = (
				05F485C21BE3211C004EEBB8 /* font.app */,
				05F485DB1BE3211C004EEBB8 /* 添加字体DemoTests.xctest */,
				05F485E61BE3211C004EEBB8 /* 添加字体DemoUITests.xctest */,
			);
			name = Products;
			sourceTree = "<group>";
		};
		05F485C41BE3211C004EEBB8 /* 添加字体Demo */ = {
			isa = PBXGroup;
			children = (
				05F485F81BE33D82004EEBB8 /* MGS2.ttf */,
				05F485C81BE3211C004EEBB8 /* AppDelegate.h */,
				05F485C91BE3211C004EEBB8 /* AppDelegate.m */,
				05F485CB1BE3211C004EEBB8 /* ViewController.h */,
				05F485CC1BE3211C004EEBB8 /* ViewController.m */,
				05F485CE1BE3211C004EEBB8 /* Main.storyboard */,
				05F485D11BE3211C004EEBB8 /* Assets.xcassets */,
				05F485D31BE3211C004EEBB8 /* LaunchScreen.storyboard */,
				05F485D61BE3211C004EEBB8 /* Info.plist */,
				05F485C51BE3211C004EEBB8 /* Supporting Files */,
			);
			path = "添加字体Demo";
			sourceTree = "<group>";
		};
		05F485C51BE3211C004EEBB8 /* Supporting Files */ = {
			isa = PBXGroup;
			children = (
				05F485C61BE3211C004EEBB8 /* main.m */,
			);
			name = "Supporting Files";
			sourceTree = "<group>";
		};
		05F485DE1BE3211C004EEBB8 /* 添加字体DemoTests */ = {
			isa = PBXGroup;
			children = (
				05F485DF1BE3211C004EEBB8 /* ____DemoTests.m */,
				05F485E11BE3211C004EEBB8 /* Info.plist */,
			);
			path = "添加字体DemoTests";
			sourceTree = "<group>";
		};
		05F485E91BE3211C004EEBB8 /* 添加字体DemoUITests */ = {
			isa = PBXGroup;
			children = (
				05F485EA1BE3211C004EEBB8 /* ____DemoUITests.m */,
				05F485EC1BE3211C004EEBB8 /* Info.plist */,
			);
			path = "添加字体DemoUITests";
			sourceTree = "<group>";
		};
/* End PBXGroup section */

/* Begin PBXNativeTarget section */
		05F485C11BE3211C004EEBB8 /* 添加字体Demo */ = {
			isa = PBXNativeTarget;
			buildConfigurationList = 05F485EF1BE3211C004EEBB8 /* Build configuration list for PBXNativeTarget "添加字体Demo" */;
			buildPhases = (
				05F485BE1BE3211C004EEBB8 /* Sources */,
				05F485BF1BE3211C004EEBB8 /* Frameworks */,
				05F485C01BE3211C004EEBB8 /* Resources */,
			);
			buildRules = (
			);
			dependencies = (
			);
			name = "添加字体Demo";
			productName = "添加字体Demo";
			productReference = 05F485C21BE3211C004EEBB8 /* font.app */;
			productType = "com.apple.product-type.application";
		};
		05F485DA1BE3211C004EEBB8 /* 添加字体DemoTests */ = {
			isa = PBXNativeTarget;
			buildConfigurationList = 05F485F21BE3211C004EEBB8 /* Build configuration list for PBXNativeTarget "添加字体DemoTests" */;
			buildPhases = (
				05F485D71BE3211C004EEBB8 /* Sources */,
				05F485D81BE3211C004EEBB8 /* Frameworks */,
				05F485D91BE3211C004EEBB8 /* Resources */,
			);
			buildRules = (
			);
			dependencies = (
				05F485DD1BE3211C004EEBB8 /* PBXTargetDependency */,
			);
			name = "添加字体DemoTests";
			productName = "添加字体DemoTests";
			productReference = 05F485DB1BE3211C004EEBB8 /* 添加字体DemoTests.xctest */;
			productType = "com.apple.product-type.bundle.unit-test";
		};
		05F485E51BE3211C004EEBB8 /* 添加字体DemoUITests */ = {
			isa = PBXNativeTarget;
			buildConfigurationList = 05F485F51BE3211C004EEBB8 /* Build configuration list for PBXNativeTarget "添加字体DemoUITests" */;
			buildPhases = (
				05F485E21BE3211C004EEBB8 /* Sources */,
				05F485E31BE3211C004EEBB8 /* Frameworks */,
				05F485E41BE3211C004EEBB8 /* Resources */,
			);
			buildRules = (
			);
			dependencies = (
				05F485E81BE3211C004EEBB8 /* PBXTargetDependency */,
			);
			name = "添加字体DemoUITests";
			productName = "添加字体DemoUITests";
			productReference = 05F485E61BE3211C004EEBB8 /* 添加字体DemoUITests.xctest */;
			productType = "com.apple.product-type.bundle.ui-testing";
		};
/* End PBXNativeTarget section */

/* Begin PBXProject section */
		05F485BA1BE3211C004EEBB8 /* Project object */ = {
			isa = PBXProject;
			attributes = {
				LastUpgradeCheck = 0700;
				ORGANIZATIONNAME = haidai;
				TargetAttributes = {
					05F485C11BE3211C004EEBB8 = {
						CreatedOnToolsVersion = 7.0.1;
						DevelopmentTeam = 7QW2FP4C6K;
					};
					05F485DA1BE3211C004EEBB8 = {
						CreatedOnToolsVersion = 7.0.1;
						TestTargetID = 05F485C11BE3211C004EEBB8;
					};
					05F485E51BE3211C004EEBB8 = {
						CreatedOnToolsVersion = 7.0.1;
						TestTargetID = 05F485C11BE3211C004EEBB8;
					};
				};
			};
			buildConfigurationList = 05F485BD1BE3211C004EEBB8 /* Build configuration list for PBXProject "添加字体Demo" */;
			compatibilityVersion = "Xcode 3.2";
			developmentRegion = English;
			hasScannedForEncodings = 0;
			knownRegions = (
				en,
				Base,
			);
			mainGroup = 05F485B91BE3211C004EEBB8;
			productRefGroup = 05F485C31BE3211C004EEBB8 /* Products */;
			projectDirPath = "";
			projectRoot = "";
			targets = (
				05F485C11BE3211C004EEBB8 /* 添加字体Demo */,
				05F485DA1BE3211C004EEBB8 /* 添加字体DemoTests */,
				05F485E51BE3211C004EEBB8 /* 添加字体DemoUITests */,
			);
		};
/* End PBXProject section */

/* Begin PBXResourcesBuildPhase section */
		05F485C01BE3211C004EEBB8 /* Resources */ = {
			isa = PBXResourcesBuildPhase;
			buildActionMask = 2147483647;
			files = (
				05F485D51BE3211C004EEBB8 /* LaunchScreen.storyboard in Resources */,
				05F485F91BE33D82004EEBB8 /* MGS2.ttf in Resources */,
				05F485D21BE3211C004EEBB8 /* Assets.xcassets in Resources */,
				05F485D01BE3211C004EEBB8 /* Main.storyboard in Resources */,
			);
			runOnlyForDeploymentPostprocessing = 0;
		};
		05F485D91BE3211C004EEBB8 /* Resources */ = {
			isa = PBXResourcesBuildPhase;
			buildActionMask = 2147483647;
			files = (
			);
			runOnlyForDeploymentPostprocessing = 0;
		};
		05F485E41BE3211C004EEBB8 /* Resources */ = {
			isa = PBXResourcesBuildPhase;
			buildActionMask = 2147483647;
			files = (
			);
			runOnlyForDeploymentPostprocessing = 0;
		};
/* End PBXResourcesBuildPhase section */

/* Begin PBXSourcesBuildPhase section */
		05F485BE1BE3211C004EEBB8 /* Sources */ = {
			isa = PBXSourcesBuildPhase;
			buildActionMask = 2147483647;
			files = (
				05F485CD1BE3211C004EEBB8 /* ViewController.m in Sources */,
				05F485CA1BE3211C004EEBB8 /* AppDelegate.m in Sources */,
				05F485C71BE3211C004EEBB8 /* main.m in Sources */,
			);
			runOnlyForDeploymentPostprocessing = 0;
		};
		05F485D71BE3211C004EEBB8 /* Sources */ = {
			isa = PBXSourcesBuildPhase;
			buildActionMask = 2147483647;
			files = (
				05F485E01BE3211C004EEBB8 /* ____DemoTests.m in Sources */,
			);
			runOnlyForDeploymentPostprocessing = 0;
		};
		05F485E21BE3211C004EEBB8 /* Sources */ = {
			isa = PBXSourcesBuildPhase;
			buildActionMask = 2147483647;
			files = (
				05F485EB1BE3211C004EEBB8 /* ____DemoUITests.m in Sources */,
			);
			runOnlyForDeploymentPostprocessing = 0;
		};
/* End PBXSourcesBuildPhase section */

/* Begin PBXTargetDependency section */
		05F485DD1BE3211C004EEBB8 /* PBXTargetDependency */ = {
			isa = PBXTargetDependency;
			target = 05F485C11BE3211C004EEBB8 /* 添加字体Demo */;
			targetProxy = 05F485DC1BE3211C004EEBB8 /* PBXContainerItemProxy */;
		};
		05F485E81BE3211C004EEBB8 /* PBXTargetDependency */ = {
			isa = PBXTargetDependency;
			target = 05F485C11BE3211C004EEBB8 /* 添加字体Demo */;
			targetProxy = 05F485E71BE3211C004EEBB8 /* PBXContainerItemProxy */;
		};
/* End PBXTargetDependency section */

/* Begin PBXVariantGroup section */
		05F485CE1BE3211C004EEBB8 /* Main.storyboard */ = {
			isa = PBXVariantGroup;
			children = (
				05F485CF1BE3211C004EEBB8 /* Base */,
			);
			name = Main.storyboard;
			sourceTree = "<group>";
		};
		05F485D31BE3211C004EEBB8 /* LaunchScreen.storyboard */ = {
			isa = PBXVariantGroup;
			children = (
				05F485D41BE3211C004EEBB8 /* Base */,
			);
			name = LaunchScreen.storyboard;
			sourceTree = "<group>";
		};
/* End PBXVariantGroup section */

/* Begin XCBuildConfiguration section */
		05F485ED1BE3211C004EEBB8 /* Debug */ = {
			isa = XCBuildConfiguration;
			buildSettings = {
				ALWAYS_SEARCH_USER_PATHS = NO;
				CLANG_CXX_LANGUAGE_STANDARD = "gnu++0x";
				CLANG_CXX_LIBRARY = "libc++";
				CLANG_ENABLE_MODULES = YES;
				CLANG_ENABLE_OBJC_ARC = YES;
				CLANG_WARN_BOOL_CONVERSION = YES;
				CLANG_WARN_CONSTANT_CONVERSION = YES;
				CLANG_WARN_DIRECT_OBJC_ISA_USAGE = YES_ERROR;
				CLANG_WARN_EMPTY_BODY = YES;
				CLANG_WARN_ENUM_CONVERSION = YES;
				CLANG_WARN_INT_CONVERSION = YES;
				CLANG_WARN_OBJC_ROOT_CLASS = YES_ERROR;
				CLANG_WARN_UNREACHABLE_CODE = YES;
				CLANG_WARN__DUPLICATE_METHOD_MATCH = YES;
				"CODE_SIGN_IDENTITY[sdk=iphoneos*]" = "iPhone Developer";
				COPY_PHASE_STRIP = NO;
				DEBUG_INFORMATION_FORMAT = dwarf;
				ENABLE_STRICT_OBJC_MSGSEND = YES;
				ENABLE_TESTABILITY = YES;
				GCC_C_LANGUAGE_STANDARD = gnu99;
				GCC_DYNAMIC_NO_PIC = NO;
				GCC_NO_COMMON_BLOCKS = YES;
				GCC_OPTIMIZATION_LEVEL = 0;
				GCC_PREPROCESSOR_DEFINITIONS = (
					"DEBUG=1",
					"$(inherited)",
				);
				GCC_WARN_64_TO_32_BIT_CONVERSION = YES;
				GCC_WARN_ABOUT_RETURN_TYPE = YES_ERROR;
				GCC_WARN_UNDECLARED_SELECTOR = YES;
				GCC_WARN_UNINITIALIZED_AUTOS = YES_AGGRESSIVE;
				GCC_WARN_UNUSED_FUNCTION = YES;
				GCC_WARN_UNUSED_VARIABLE = YES;
				IPHONEOS_DEPLOYMENT_TARGET = 9.0;
				MTL_ENABLE_DEBUG_INFO = YES;
				ONLY_ACTIVE_ARCH = YES;
				SDKROOT = iphoneos;
			};
			name = Debug;
		};
		05F485EE1BE3211C004EEBB8 /* Release */ = {
			isa = XCBuildConfiguration;
			buildSettings = {
				ALWAYS_SEARCH_USER_PATHS = NO;
				CLANG_CXX_LANGUAGE_STANDARD = "gnu++0x";
				CLANG_CXX_LIBRARY = "libc++";
				CLANG_ENABLE_MODULES = YES;
				CLANG_ENABLE_OBJC_ARC = YES;
				CLANG_WARN_BOOL_CONVERSION = YES;
				CLANG_WARN_CONSTANT_CONVERSION = YES;
				CLANG_WARN_DIRECT_OBJC_ISA_USAGE = YES_ERROR;
				CLANG_WARN_EMPTY_BODY = YES;
				CLANG_WARN_ENUM_CONVERSION = YES;
				CLANG_WARN_INT_CONVERSION = YES;
				CLANG_WARN_OBJC_ROOT_CLASS = YES_ERROR;
				CLANG_WARN_UNREACHABLE_CODE = YES;
				CLANG_WARN__DUPLICATE_METHOD_MATCH = YES;
				"CODE_SIGN_IDENTITY[sdk=iphoneos*]" = "iPhone Developer";
				COPY_PHASE_STRIP = NO;
				DEBUG_INFORMATION_FORMAT = "dwarf-with-dsym";
				ENABLE_NS_ASSERTIONS = NO;
				ENABLE_STRICT_OBJC_MSGSEND = YES;
				GCC_C_LANGUAGE_STANDARD = gnu99;
				GCC_NO_COMMON_BLOCKS = YES;
				GCC_WARN_64_TO_32_BIT_CONVERSION = YES;
				GCC_WARN_ABOUT_RETURN_TYPE = YES_ERROR;
				GCC_WARN_UNDECLARED_SELECTOR = YES;
				GCC_WARN_UNINITIALIZED_AUTOS = YES_AGGRESSIVE;
				GCC_WARN_UNUSED_FUNCTION = YES;
				GCC_WARN_UNUSED_VARIABLE = YES;
				IPHONEOS_DEPLOYMENT_TARGET = 9.0;
				MTL_ENABLE_DEBUG_INFO = NO;
				SDKROOT = iphoneos;
				VALIDATE_PRODUCT = YES;
			};
			name = Release;
		};
		05F485F01BE3211C004EEBB8 /* Debug */ = {
			isa = XCBuildConfiguration;
			buildSettings = {
				ASSETCATALOG_COMPILER_APPICON_NAME = AppIcon;
				CODE_SIGN_IDENTITY = "iPhone Developer";
				INFOPLIST_FILE = "添加字体Demo/Info.plist";
				IPHONEOS_DEPLOYMENT_TARGET = 7.1;
				LD_RUNPATH_SEARCH_PATHS = "$(inherited) @executable_path/Frameworks";
				PRODUCT_BUNDLE_IDENTIFIER = "com.haidai.----Demo";
				PRODUCT_NAME = font;
			};
			name = Debug;
		};
		05F485F11BE3211C004EEBB8 /* Release */ = {
			isa = XCBuildConfiguration;
			buildSettings = {
				ASSETCATALOG_COMPILER_APPICON_NAME = AppIcon;
				CODE_SIGN_IDENTITY = "iPhone Developer";
				INFOPLIST_FILE = "添加字体Demo/Info.plist";
				IPHONEOS_DEPLOYMENT_TARGET = 7.1;
				LD_RUNPATH_SEARCH_PATHS = "$(inherited) @executable_path/Frameworks";
				PRODUCT_BUNDLE_IDENTIFIER = "com.haidai.----Demo";
				PRODUCT_NAME = font;
			};
			name = Release;
		};
		05F485F31BE3211C004EEBB8 /* Debug */ = {
			isa = XCBuildConfiguration;
			buildSettings = {
				BUNDLE_LOADER = "$(TEST_HOST)";
				INFOPLIST_FILE = "添加字体DemoTests/Info.plist";
				LD_RUNPATH_SEARCH_PATHS = "$(inherited) @executable_path/Frameworks @loader_path/Frameworks";
				PRODUCT_BUNDLE_IDENTIFIER = "com.haidai.----DemoTests";
				PRODUCT_NAME = "$(TARGET_NAME)";
				TEST_HOST = "$(BUILT_PRODUCTS_DIR)/添加字体Demo.app/添加字体Demo";
			};
			name = Debug;
		};
		05F485F41BE3211C004EEBB8 /* Release */ = {
			isa = XCBuildConfiguration;
			buildSettings = {
				BUNDLE_LOADER = "$(TEST_HOST)";
				INFOPLIST_FILE = "添加字体DemoTests/Info.plist";
				LD_RUNPATH_SEARCH_PATHS = "$(inherited) @executable_path/Frameworks @loader_path/Frameworks";
				PRODUCT_BUNDLE_IDENTIFIER = "com.haidai.----DemoTests";
				PRODUCT_NAME = "$(TARGET_NAME)";
				TEST_HOST = "$(BUILT_PRODUCTS_DIR)/添加字体Demo.app/添加字体Demo";
			};
			name = Release;
		};
		05F485F61BE3211C004EEBB8 /* Debug */ = {
			isa = XCBuildConfiguration;
			buildSettings = {
				INFOPLIST_FILE = "添加字体DemoUITests/Info.plist";
				LD_RUNPATH_SEARCH_PATHS = "$(inherited) @executable_path/Frameworks @loader_path/Frameworks";
				PRODUCT_BUNDLE_IDENTIFIER = "com.haidai.----DemoUITests";
				PRODUCT_NAME = "$(TARGET_NAME)";
				TEST_TARGET_NAME = "添加字体Demo";
				USES_XCTRUNNER = YES;
			};
			name = Debug;
		};
		05F485F71BE3211C004EEBB8 /* Release */ = {
			isa = XCBuildConfiguration;
			buildSettings = {
				INFOPLIST_FILE = "添加字体DemoUITests/Info.plist";
				LD_RUNPATH_SEARCH_PATHS = "$(inherited) @executable_path/Frameworks @loader_path/Frameworks";
				PRODUCT_BUNDLE_IDENTIFIER = "com.haidai.----DemoUITests";
				PRODUCT_NAME = "$(TARGET_NAME)";
				TEST_TARGET_NAME = "添加字体Demo";
				USES_XCTRUNNER = YES;
			};
			name = Release;
		};
/* End XCBuildConfiguration section */

/* Begin XCConfigurationList section */
		05F485BD1BE3211C004EEBB8 /* Build configuration list for PBXProject "添加字体Demo" */ = {
			isa = XCConfigurationList;
			buildConfigurations = (
				05F485ED1BE3211C004EEBB8 /* Debug */,
				05F485EE1BE3211C004EEBB8 /* Release */,
			);
			defaultConfigurationIsVisible = 0;
			defaultConfigurationName = Release;
		};
		05F485EF1BE3211C004EEBB8 /* Build configuration list for PBXNativeTarget "添加字体Demo" */ = {
			isa = XCConfigurationList;
			buildConfigurations = (
				05F485F01BE3211C004EEBB8 /* Debug */,
				05F485F11BE3211C004EEBB8 /* Release */,
			);
			defaultConfigurationIsVisible = 0;
		};
		05F485F21BE3211C004EEBB8 /* Build configuration list for PBXNativeTarget "添加字体DemoTests" */ = {
			isa = XCConfigurationList;
			buildConfigurations = (
				05F485F31BE3211C004EEBB8 /* Debug */,
				05F485F41BE3211C004EEBB8 /* Release */,
			);
			defaultConfigurationIsVisible = 0;
		};
		05F485F51BE3211C004EEBB8 /* Build configuration list for PBXNativeTarget "添加字体DemoUITests" */ = {
			isa = XCConfigurationList;
			buildConfigurations = (
				05F485F61BE3211C004EEBB8 /* Debug */,
				05F485F71BE3211C004EEBB8 /* Release */,
			);
			defaultConfigurationIsVisible = 0;
		};
/* End XCConfigurationList section */
	};
	rootObject = 05F485BA1BE3211C004EEBB8 /* Project object */;
}
